// !$*UTF8*$!
{
	archiveVersion = 1;
	classes = {
	};
	objectVersion = 56;
	objects = {

/* Begin PBXBuildFile section */
		D107FCFA2C6E022F00F90380 /* DogImageLibrary.docc in Sources */ = {isa = PBXBuildFile; fileRef = D107FCF92C6E022F00F90380 /* DogImageLibrary.docc */; };
		D107FD002C6E023000F90380 /* DogImageLibrary.framework in Frameworks */ = {isa = PBXBuildFile; fileRef = D107FCF52C6E022F00F90380 /* DogImageLibrary.framework */; };
		D107FD052C6E023000F90380 /* DogImageLibraryTests.swift in Sources */ = {isa = PBXBuildFile; fileRef = D107FD042C6E023000F90380 /* DogImageLibraryTests.swift */; };
		D107FD062C6E023000F90380 /* DogImageLibrary.h in Headers */ = {isa = PBXBuildFile; fileRef = D107FCF82C6E022F00F90380 /* DogImageLibrary.h */; settings = {ATTRIBUTES = (Public, ); }; };
		D107FD112C6E03DD00F90380 /* DogImage.swift in Sources */ = {isa = PBXBuildFile; fileRef = D107FD102C6E03DD00F90380 /* DogImage.swift */; };
		D107FD132C6E05FD00F90380 /* DogImageService.swift in Sources */ = {isa = PBXBuildFile; fileRef = D107FD122C6E05FD00F90380 /* DogImageService.swift */; };
		D107FD162C6E0EEA00F90380 /* DogImageModel.xcdatamodeld in Sources */ = {isa = PBXBuildFile; fileRef = D107FD142C6E0EE900F90380 /* DogImageModel.xcdatamodeld */; };
		D107FD182C6E171D00F90380 /* CoreDataManager.swift in Sources */ = {isa = PBXBuildFile; fileRef = D107FD172C6E171D00F90380 /* CoreDataManager.swift */; };
		D107FD1A2C6E2A7C00F90380 /* DogImageFetcher.swift in Sources */ = {isa = PBXBuildFile; fileRef = D107FD192C6E2A7C00F90380 /* DogImageFetcher.swift */; };
		D1A3C54A2C6F3C3500AD0A9B /* MockDogImageDelegate.swift in Sources */ = {isa = PBXBuildFile; fileRef = D1A3C5492C6F3C3500AD0A9B /* MockDogImageDelegate.swift */; };
		D1A3C54C2C6F3CEF00AD0A9B /* DogImageServiceMock.swift in Sources */ = {isa = PBXBuildFile; fileRef = D1A3C54B2C6F3CEF00AD0A9B /* DogImageServiceMock.swift */; };
/* End PBXBuildFile section */

/* Begin PBXContainerItemProxy section */
		D107FD012C6E023000F90380 /* PBXContainerItemProxy */ = {
			isa = PBXContainerItemProxy;
			containerPortal = D107FCEC2C6E022F00F90380 /* Project object */;
			proxyType = 1;
			remoteGlobalIDString = D107FCF42C6E022F00F90380;
			remoteInfo = DogImageLibrary;
		};
/* End PBXContainerItemProxy section */

/* Begin PBXFileReference section */
		D107FCF52C6E022F00F90380 /* DogImageLibrary.framework */ = {isa = PBXFileReference; explicitFileType = wrapper.framework; includeInIndex = 0; path = DogImageLibrary.framework; sourceTree = BUILT_PRODUCTS_DIR; };
		D107FCF82C6E022F00F90380 /* DogImageLibrary.h */ = {isa = PBXFileReference; lastKnownFileType = sourcecode.c.h; path = DogImageLibrary.h; sourceTree = "<group>"; };
		D107FCF92C6E022F00F90380 /* DogImageLibrary.docc */ = {isa = PBXFileReference; lastKnownFileType = folder.documentationcatalog; path = DogImageLibrary.docc; sourceTree = "<group>"; };
		D107FCFF2C6E023000F90380 /* DogImageLibraryTests.xctest */ = {isa = PBXFileReference; explicitFileType = wrapper.cfbundle; includeInIndex = 0; path = DogImageLibraryTests.xctest; sourceTree = BUILT_PRODUCTS_DIR; };
		D107FD042C6E023000F90380 /* DogImageLibraryTests.swift */ = {isa = PBXFileReference; lastKnownFileType = sourcecode.swift; path = DogImageLibraryTests.swift; sourceTree = "<group>"; };
		D107FD102C6E03DD00F90380 /* DogImage.swift */ = {isa = PBXFileReference; lastKnownFileType = sourcecode.swift; path = DogImage.swift; sourceTree = "<group>"; };
		D107FD122C6E05FD00F90380 /* DogImageService.swift */ = {isa = PBXFileReference; lastKnownFileType = sourcecode.swift; path = DogImageService.swift; sourceTree = "<group>"; };
		D107FD152C6E0EEA00F90380 /* DogImageModel.xcdatamodel */ = {isa = PBXFileReference; lastKnownFileType = wrapper.xcdatamodel; path = DogImageModel.xcdatamodel; sourceTree = "<group>"; };
		D107FD172C6E171D00F90380 /* CoreDataManager.swift */ = {isa = PBXFileReference; lastKnownFileType = sourcecode.swift; path = CoreDataManager.swift; sourceTree = "<group>"; };
		D107FD192C6E2A7C00F90380 /* DogImageFetcher.swift */ = {isa = PBXFileReference; lastKnownFileType = sourcecode.swift; path = DogImageFetcher.swift; sourceTree = "<group>"; };
		D1A3C5492C6F3C3500AD0A9B /* MockDogImageDelegate.swift */ = {isa = PBXFileReference; lastKnownFileType = sourcecode.swift; path = MockDogImageDelegate.swift; sourceTree = "<group>"; };
		D1A3C54B2C6F3CEF00AD0A9B /* DogImageServiceMock.swift */ = {isa = PBXFileReference; lastKnownFileType = sourcecode.swift; path = DogImageServiceMock.swift; sourceTree = "<group>"; };
/* End PBXFileReference section */

/* Begin PBXFrameworksBuildPhase section */
		D107FCF22C6E022F00F90380 /* Frameworks */ = {
			isa = PBXFrameworksBuildPhase;
			buildActionMask = 2147483647;
			files = (
			);
			runOnlyForDeploymentPostprocessing = 0;
		};
		D107FCFC2C6E023000F90380 /* Frameworks */ = {
			isa = PBXFrameworksBuildPhase;
			buildActionMask = 2147483647;
			files = (
				D107FD002C6E023000F90380 /* DogImageLibrary.framework in Frameworks */,
			);
			runOnlyForDeploymentPostprocessing = 0;
		};
/* End PBXFrameworksBuildPhase section */

/* Begin PBXGroup section */
		D107FCEB2C6E022F00F90380 = {
			isa = PBXGroup;
			children = (
				D107FCF72C6E022F00F90380 /* DogImageLibrary */,
				D107FD032C6E023000F90380 /* DogImageLibraryTests */,
				D107FCF62C6E022F00F90380 /* Products */,
			);
			sourceTree = "<group>";
		};
		D107FCF62C6E022F00F90380 /* Products */ = {
			isa = PBXGroup;
			children = (
				D107FCF52C6E022F00F90380 /* DogImageLibrary.framework */,
				D107FCFF2C6E023000F90380 /* DogImageLibraryTests.xctest */,
			);
			name = Products;
			sourceTree = "<group>";
		};
		D107FCF72C6E022F00F90380 /* DogImageLibrary */ = {
			isa = PBXGroup;
			children = (
				D107FCF82C6E022F00F90380 /* DogImageLibrary.h */,
				D107FD102C6E03DD00F90380 /* DogImage.swift */,
				D107FD122C6E05FD00F90380 /* DogImageService.swift */,
				D107FD192C6E2A7C00F90380 /* DogImageFetcher.swift */,
				D107FD142C6E0EE900F90380 /* DogImageModel.xcdatamodeld */,
				D107FD172C6E171D00F90380 /* CoreDataManager.swift */,
				D107FCF92C6E022F00F90380 /* DogImageLibrary.docc */,
			);
			path = DogImageLibrary;
			sourceTree = "<group>";
		};
		D107FD032C6E023000F90380 /* DogImageLibraryTests */ = {
			isa = PBXGroup;
			children = (
				D107FD042C6E023000F90380 /* DogImageLibraryTests.swift */,
				D1A3C5492C6F3C3500AD0A9B /* MockDogImageDelegate.swift */,
				D1A3C54B2C6F3CEF00AD0A9B /* DogImageServiceMock.swift */,
			);
			path = DogImageLibraryTests;
			sourceTree = "<group>";
		};
/* End PBXGroup section */

/* Begin PBXHeadersBuildPhase section */
		D107FCF02C6E022F00F90380 /* Headers */ = {
			isa = PBXHeadersBuildPhase;
			buildActionMask = 2147483647;
			files = (
				D107FD062C6E023000F90380 /* DogImageLibrary.h in Headers */,
			);
			runOnlyForDeploymentPostprocessing = 0;
		};
/* End PBXHeadersBuildPhase section */

/* Begin PBXNativeTarget section */
		D107FCF42C6E022F00F90380 /* DogImageLibrary */ = {
			isa = PBXNativeTarget;
			buildConfigurationList = D107FD092C6E023000F90380 /* Build configuration list for PBXNativeTarget "DogImageLibrary" */;
			buildPhases = (
				D107FCF02C6E022F00F90380 /* Headers */,
				D107FCF12C6E022F00F90380 /* Sources */,
				D107FCF22C6E022F00F90380 /* Frameworks */,
				D107FCF32C6E022F00F90380 /* Resources */,
			);
			buildRules = (
			);
			dependencies = (
			);
			name = DogImageLibrary;
			productName = DogImageLibrary;
			productReference = D107FCF52C6E022F00F90380 /* DogImageLibrary.framework */;
			productType = "com.apple.product-type.framework";
		};
		D107FCFE2C6E023000F90380 /* DogImageLibraryTests */ = {
			isa = PBXNativeTarget;
			buildConfigurationList = D107FD0C2C6E023000F90380 /* Build configuration list for PBXNativeTarget "DogImageLibraryTests" */;
			buildPhases = (
				D107FCFB2C6E023000F90380 /* Sources */,
				D107FCFC2C6E023000F90380 /* Frameworks */,
				D107FCFD2C6E023000F90380 /* Resources */,
			);
			buildRules = (
			);
			dependencies = (
				D107FD022C6E023000F90380 /* PBXTargetDependency */,
			);
			name = DogImageLibraryTests;
			productName = DogImageLibraryTests;
			productReference = D107FCFF2C6E023000F90380 /* DogImageLibraryTests.xctest */;
			productType = "com.apple.product-type.bundle.unit-test";
		};
/* End PBXNativeTarget section */

/* Begin PBXProject section */
		D107FCEC2C6E022F00F90380 /* Project object */ = {
			isa = PBXProject;
			attributes = {
				BuildIndependentTargetsInParallel = 1;
				LastSwiftUpdateCheck = 1540;
				LastUpgradeCheck = 1540;
				TargetAttributes = {
					D107FCF42C6E022F00F90380 = {
						CreatedOnToolsVersion = 15.4;
					};
					D107FCFE2C6E023000F90380 = {
						CreatedOnToolsVersion = 15.4;
					};
				};
			};
			buildConfigurationList = D107FCEF2C6E022F00F90380 /* Build configuration list for PBXProject "DogImageLibrary" */;
			compatibilityVersion = "Xcode 14.0";
			developmentRegion = en;
			hasScannedForEncodings = 0;
			knownRegions = (
				en,
				Base,
			);
			mainGroup = D107FCEB2C6E022F00F90380;
			productRefGroup = D107FCF62C6E022F00F90380 /* Products */;
			projectDirPath = "";
			projectRoot = "";
			targets = (
				D107FCF42C6E022F00F90380 /* DogImageLibrary */,
				D107FCFE2C6E023000F90380 /* DogImageLibraryTests */,
			);
		};
/* End PBXProject section */

/* Begin PBXResourcesBuildPhase section */
		D107FCF32C6E022F00F90380 /* Resources */ = {
			isa = PBXResourcesBuildPhase;
			buildActionMask = 2147483647;
			files = (
			);
			runOnlyForDeploymentPostprocessing = 0;
		};
		D107FCFD2C6E023000F90380 /* Resources */ = {
			isa = PBXResourcesBuildPhase;
			buildActionMask = 2147483647;
			files = (
			);
			runOnlyForDeploymentPostprocessing = 0;
		};
/* End PBXResourcesBuildPhase section */

/* Begin PBXSourcesBuildPhase section */
		D107FCF12C6E022F00F90380 /* Sources */ = {
			isa = PBXSourcesBuildPhase;
			buildActionMask = 2147483647;
			files = (
				D107FD162C6E0EEA00F90380 /* DogImageModel.xcdatamodeld in Sources */,
				D107FD112C6E03DD00F90380 /* DogImage.swift in Sources */,
				D107FD1A2C6E2A7C00F90380 /* DogImageFetcher.swift in Sources */,
				D107FD132C6E05FD00F90380 /* DogImageService.swift in Sources */,
				D107FD182C6E171D00F90380 /* CoreDataManager.swift in Sources */,
				D107FCFA2C6E022F00F90380 /* DogImageLibrary.docc in Sources */,
			);
			runOnlyForDeploymentPostprocessing = 0;
		};
		D107FCFB2C6E023000F90380 /* Sources */ = {
			isa = PBXSourcesBuildPhase;
			buildActionMask = 2147483647;
			files = (
				D107FD052C6E023000F90380 /* DogImageLibraryTests.swift in Sources */,
				D1A3C54A2C6F3C3500AD0A9B /* MockDogImageDelegate.swift in Sources */,
				D1A3C54C2C6F3CEF00AD0A9B /* DogImageServiceMock.swift in Sources */,
			);
			runOnlyForDeploymentPostprocessing = 0;
		};
/* End PBXSourcesBuildPhase section */

/* Begin PBXTargetDependency section */
		D107FD022C6E023000F90380 /* PBXTargetDependency */ = {
			isa = PBXTargetDependency;
			target = D107FCF42C6E022F00F90380 /* DogImageLibrary */;
			targetProxy = D107FD012C6E023000F90380 /* PBXContainerItemProxy */;
		};
/* End PBXTargetDependency section */

/* Begin XCBuildConfiguration section */
		D107FD072C6E023000F90380 /* Debug */ = {
			isa = XCBuildConfiguration;
			buildSettings = {
				ALWAYS_SEARCH_USER_PATHS = NO;
				ASSETCATALOG_COMPILER_GENERATE_SWIFT_ASSET_SYMBOL_EXTENSIONS = YES;
				CLANG_ANALYZER_NONNULL = YES;
				CLANG_ANALYZER_NUMBER_OBJECT_CONVERSION = YES_AGGRESSIVE;
				CLANG_CXX_LANGUAGE_STANDARD = "gnu++20";
				CLANG_ENABLE_MODULES = YES;
				CLANG_ENABLE_OBJC_ARC = YES;
				CLANG_ENABLE_OBJC_WEAK = YES;
				CLANG_WARN_BLOCK_CAPTURE_AUTORELEASING = YES;
				CLANG_WARN_BOOL_CONVERSION = YES;
				CLANG_WARN_COMMA = YES;
				CLANG_WARN_CONSTANT_CONVERSION = YES;
				CLANG_WARN_DEPRECATED_OBJC_IMPLEMENTATIONS = YES;
				CLANG_WARN_DIRECT_OBJC_ISA_USAGE = YES_ERROR;
				CLANG_WARN_DOCUMENTATION_COMMENTS = YES;
				CLANG_WARN_EMPTY_BODY = YES;
				CLANG_WARN_ENUM_CONVERSION = YES;
				CLANG_WARN_INFINITE_RECURSION = YES;
				CLANG_WARN_INT_CONVERSION = YES;
				CLANG_WARN_NON_LITERAL_NULL_CONVERSION = YES;
				CLANG_WARN_OBJC_IMPLICIT_RETAIN_SELF = YES;
				CLANG_WARN_OBJC_LITERAL_CONVERSION = YES;
				CLANG_WARN_OBJC_ROOT_CLASS = YES_ERROR;
				CLANG_WARN_QUOTED_INCLUDE_IN_FRAMEWORK_HEADER = YES;
				CLANG_WARN_RANGE_LOOP_ANALYSIS = YES;
				CLANG_WARN_STRICT_PROTOTYPES = YES;
				CLANG_WARN_SUSPICIOUS_MOVE = YES;
				CLANG_WARN_UNGUARDED_AVAILABILITY = YES_AGGRESSIVE;
				CLANG_WARN_UNREACHABLE_CODE = YES;
				CLANG_WARN__DUPLICATE_METHOD_MATCH = YES;
				COPY_PHASE_STRIP = NO;
				CURRENT_PROJECT_VERSION = 1;
				DEBUG_INFORMATION_FORMAT = dwarf;
				ENABLE_STRICT_OBJC_MSGSEND = YES;
				ENABLE_TESTABILITY = YES;
				ENABLE_USER_SCRIPT_SANDBOXING = YES;
				GCC_C_LANGUAGE_STANDARD = gnu17;
				GCC_DYNAMIC_NO_PIC = NO;
				GCC_NO_COMMON_BLOCKS = YES;
				GCC_OPTIMIZATION_LEVEL = 0;
				GCC_PREPROCESSOR_DEFINITIONS = (
					"DEBUG=1",
					"$(inherited)",
				);
				GCC_WARN_64_TO_32_BIT_CONVERSION = YES;
				GCC_WARN_ABOUT_RETURN_TYPE = YES_ERROR;
				GCC_WARN_UNDECLARED_SELECTOR = YES;
				GCC_WARN_UNINITIALIZED_AUTOS = YES_AGGRESSIVE;
				GCC_WARN_UNUSED_FUNCTION = YES;
				GCC_WARN_UNUSED_VARIABLE = YES;
				IPHONEOS_DEPLOYMENT_TARGET = 17.5;
				LOCALIZATION_PREFERS_STRING_CATALOGS = YES;
				MTL_ENABLE_DEBUG_INFO = INCLUDE_SOURCE;
				MTL_FAST_MATH = YES;
				ONLY_ACTIVE_ARCH = YES;
				SDKROOT = iphoneos;
				SWIFT_ACTIVE_COMPILATION_CONDITIONS = "DEBUG $(inherited)";
				SWIFT_OPTIMIZATION_LEVEL = "-Onone";
				VERSIONING_SYSTEM = "apple-generic";
				VERSION_INFO_PREFIX = "";
			};
			name = Debug;
		};
		D107FD082C6E023000F90380 /* Release */ = {
			isa = XCBuildConfiguration;
			buildSettings = {
				ALWAYS_SEARCH_USER_PATHS = NO;
				ASSETCATALOG_COMPILER_GENERATE_SWIFT_ASSET_SYMBOL_EXTENSIONS = YES;
				CLANG_ANALYZER_NONNULL = YES;
				CLANG_ANALYZER_NUMBER_OBJECT_CONVERSION = YES_AGGRESSIVE;
				CLANG_CXX_LANGUAGE_STANDARD = "gnu++20";
				CLANG_ENABLE_MODULES = YES;
				CLANG_ENABLE_OBJC_ARC = YES;
				CLANG_ENABLE_OBJC_WEAK = YES;
				CLANG_WARN_BLOCK_CAPTURE_AUTORELEASING = YES;
				CLANG_WARN_BOOL_CONVERSION = YES;
				CLANG_WARN_COMMA = YES;
				CLANG_WARN_CONSTANT_CONVERSION = YES;
				CLANG_WARN_DEPRECATED_OBJC_IMPLEMENTATIONS = YES;
				CLANG_WARN_DIRECT_OBJC_ISA_USAGE = YES_ERROR;
				CLANG_WARN_DOCUMENTATION_COMMENTS = YES;
				CLANG_WARN_EMPTY_BODY = YES;
				CLANG_WARN_ENUM_CONVERSION = YES;
				CLANG_WARN_INFINITE_RECURSION = YES;
				CLANG_WARN_INT_CONVERSION = YES;
				CLANG_WARN_NON_LITERAL_NULL_CONVERSION = YES;
				CLANG_WARN_OBJC_IMPLICIT_RETAIN_SELF = YES;
				CLANG_WARN_OBJC_LITERAL_CONVERSION = YES;
				CLANG_WARN_OBJC_ROOT_CLASS = YES_ERROR;
				CLANG_WARN_QUOTED_INCLUDE_IN_FRAMEWORK_HEADER = YES;
				CLANG_WARN_RANGE_LOOP_ANALYSIS = YES;
				CLANG_WARN_STRICT_PROTOTYPES = YES;
				CLANG_WARN_SUSPICIOUS_MOVE = YES;
				CLANG_WARN_UNGUARDED_AVAILABILITY = YES_AGGRESSIVE;
				CLANG_WARN_UNREACHABLE_CODE = YES;
				CLANG_WARN__DUPLICATE_METHOD_MATCH = YES;
				COPY_PHASE_STRIP = NO;
				CURRENT_PROJECT_VERSION = 1;
				DEBUG_INFORMATION_FORMAT = "dwarf-with-dsym";
				ENABLE_NS_ASSERTIONS = NO;
				ENABLE_STRICT_OBJC_MSGSEND = YES;
				ENABLE_USER_SCRIPT_SANDBOXING = YES;
				GCC_C_LANGUAGE_STANDARD = gnu17;
				GCC_NO_COMMON_BLOCKS = YES;
				GCC_WARN_64_TO_32_BIT_CONVERSION = YES;
				GCC_WARN_ABOUT_RETURN_TYPE = YES_ERROR;
				GCC_WARN_UNDECLARED_SELECTOR = YES;
				GCC_WARN_UNINITIALIZED_AUTOS = YES_AGGRESSIVE;
				GCC_WARN_UNUSED_FUNCTION = YES;
				GCC_WARN_UNUSED_VARIABLE = YES;
				IPHONEOS_DEPLOYMENT_TARGET = 17.5;
				LOCALIZATION_PREFERS_STRING_CATALOGS = YES;
				MTL_ENABLE_DEBUG_INFO = NO;
				MTL_FAST_MATH = YES;
				SDKROOT = iphoneos;
				SWIFT_COMPILATION_MODE = wholemodule;
				VALIDATE_PRODUCT = YES;
				VERSIONING_SYSTEM = "apple-generic";
				VERSION_INFO_PREFIX = "";
			};
			name = Release;
		};
		D107FD0A2C6E023000F90380 /* Debug */ = {
			isa = XCBuildConfiguration;
			buildSettings = {
				BUILD_LIBRARY_FOR_DISTRIBUTION = YES;
				CODE_SIGN_STYLE = Automatic;
				CURRENT_PROJECT_VERSION = 1;
				DEFINES_MODULE = YES;
				DEVELOPMENT_TEAM = QHC4D3JAN4;
				DYLIB_COMPATIBILITY_VERSION = 1;
				DYLIB_CURRENT_VERSION = 1;
				DYLIB_INSTALL_NAME_BASE = "@rpath";
				ENABLE_MODULE_VERIFIER = YES;
				GENERATE_INFOPLIST_FILE = YES;
				INFOPLIST_KEY_NSHumanReadableCopyright = "";
				INSTALL_PATH = "$(LOCAL_LIBRARY_DIR)/Frameworks";
				LD_RUNPATH_SEARCH_PATHS = (
					"$(inherited)",
					"@executable_path/Frameworks",
					"@loader_path/Frameworks",
				);
				MARKETING_VERSION = 1.0;
				MODULE_VERIFIER_SUPPORTED_LANGUAGES = "objective-c objective-c++";
				MODULE_VERIFIER_SUPPORTED_LANGUAGE_STANDARDS = "gnu17 gnu++20";
				PRODUCT_BUNDLE_IDENTIFIER = com.CleverTap.DogImageLibrary;
				PRODUCT_NAME = "$(TARGET_NAME:c99extidentifier)";
				SKIP_INSTALL = YES;
				SWIFT_EMIT_LOC_STRINGS = YES;
				SWIFT_INSTALL_OBJC_HEADER = NO;
				SWIFT_VERSION = 5.0;
				TARGETED_DEVICE_FAMILY = "1,2";
			};
			name = Debug;
		};
		D107FD0B2C6E023000F90380 /* Release */ = {
			isa = XCBuildConfiguration;
			buildSettings = {
				BUILD_LIBRARY_FOR_DISTRIBUTION = YES;
				CODE_SIGN_STYLE = Automatic;
				CURRENT_PROJECT_VERSION = 1;
				DEFINES_MODULE = YES;
				DEVELOPMENT_TEAM = QHC4D3JAN4;
				DYLIB_COMPATIBILITY_VERSION = 1;
				DYLIB_CURRENT_VERSION = 1;
				DYLIB_INSTALL_NAME_BASE = "@rpath";
				ENABLE_MODULE_VERIFIER = YES;
				GENERATE_INFOPLIST_FILE = YES;
				INFOPLIST_KEY_NSHumanReadableCopyright = "";
				INSTALL_PATH = "$(LOCAL_LIBRARY_DIR)/Frameworks";
				LD_RUNPATH_SEARCH_PATHS = (
					"$(inherited)",
					"@executable_path/Frameworks",
					"@loader_path/Frameworks",
				);
				MARKETING_VERSION = 1.0;
				MODULE_VERIFIER_SUPPORTED_LANGUAGES = "objective-c objective-c++";
				MODULE_VERIFIER_SUPPORTED_LANGUAGE_STANDARDS = "gnu17 gnu++20";
				PRODUCT_BUNDLE_IDENTIFIER = com.CleverTap.DogImageLibrary;
				PRODUCT_NAME = "$(TARGET_NAME:c99extidentifier)";
				SKIP_INSTALL = YES;
				SWIFT_EMIT_LOC_STRINGS = YES;
				SWIFT_INSTALL_OBJC_HEADER = NO;
				SWIFT_VERSION = 5.0;
				TARGETED_DEVICE_FAMILY = "1,2";
			};
			name = Release;
		};
		D107FD0D2C6E023000F90380 /* Debug */ = {
			isa = XCBuildConfiguration;
			buildSettings = {
				ALWAYS_EMBED_SWIFT_STANDARD_LIBRARIES = YES;
				CODE_SIGN_STYLE = Automatic;
				CURRENT_PROJECT_VERSION = 1;
				DEVELOPMENT_TEAM = QHC4D3JAN4;
				GENERATE_INFOPLIST_FILE = YES;
				MARKETING_VERSION = 1.0;
				PRODUCT_BUNDLE_IDENTIFIER = com.CleverTap.DogImageLibraryTests;
				PRODUCT_NAME = "$(TARGET_NAME)";
				SWIFT_EMIT_LOC_STRINGS = NO;
				SWIFT_VERSION = 5.0;
				TARGETED_DEVICE_FAMILY = "1,2";
			};
			name = Debug;
		};
		D107FD0E2C6E023000F90380 /* Release */ = {
			isa = XCBuildConfiguration;
			buildSettings = {
				ALWAYS_EMBED_SWIFT_STANDARD_LIBRARIES = YES;
				CODE_SIGN_STYLE = Automatic;
				CURRENT_PROJECT_VERSION = 1;
				DEVELOPMENT_TEAM = QHC4D3JAN4;
				GENERATE_INFOPLIST_FILE = YES;
				MARKETING_VERSION = 1.0;
				PRODUCT_BUNDLE_IDENTIFIER = com.CleverTap.DogImageLibraryTests;
				PRODUCT_NAME = "$(TARGET_NAME)";
				SWIFT_EMIT_LOC_STRINGS = NO;
				SWIFT_VERSION = 5.0;
				TARGETED_DEVICE_FAMILY = "1,2";
			};
			name = Release;
		};
/* End XCBuildConfiguration section */

/* Begin XCConfigurationList section */
		D107FCEF2C6E022F00F90380 /* Build configuration list for PBXProject "DogImageLibrary" */ = {
			isa = XCConfigurationList;
			buildConfigurations = (
				D107FD072C6E023000F90380 /* Debug */,
				D107FD082C6E023000F90380 /* Release */,
			);
			defaultConfigurationIsVisible = 0;
			defaultConfigurationName = Release;
		};
		D107FD092C6E023000F90380 /* Build configuration list for PBXNativeTarget "DogImageLibrary" */ = {
			isa = XCConfigurationList;
			buildConfigurations = (
				D107FD0A2C6E023000F90380 /* Debug */,
				D107FD0B2C6E023000F90380 /* Release */,
			);
			defaultConfigurationIsVisible = 0;
			defaultConfigurationName = Release;
		};
		D107FD0C2C6E023000F90380 /* Build configuration list for PBXNativeTarget "DogImageLibraryTests" */ = {
			isa = XCConfigurationList;
			buildConfigurations = (
				D107FD0D2C6E023000F90380 /* Debug */,
				D107FD0E2C6E023000F90380 /* Release */,
			);
			defaultConfigurationIsVisible = 0;
			defaultConfigurationName = Release;
		};
/* End XCConfigurationList section */

/* Begin XCVersionGroup section */
		D107FD142C6E0EE900F90380 /* DogImageModel.xcdatamodeld */ = {
			isa = XCVersionGroup;
			children = (
				D107FD152C6E0EEA00F90380 /* DogImageModel.xcdatamodel */,
			);
			currentVersion = D107FD152C6E0EEA00F90380 /* DogImageModel.xcdatamodel */;
			name = DogImageModel.xcdatamodeld;
			path = /Users/sagarthorat/Documents/Test/CleverTap/DogImageLibrary/DogImageLibrary/DogImageModel.xcdatamodeld;
			sourceTree = "<group>";
			versionGroupType = wrapper.xcdatamodel;
		};
/* End XCVersionGroup section */
	};
	rootObject = D107FCEC2C6E022F00F90380 /* Project object */;
}
